
Microsoft Visual Studio Solution File, Format Version 12.00
# Visual Studio Version 16
VisualStudioVersion = 16.0.31702.278
MinimumVisualStudioVersion = 10.0.40219.1
Project("{FAE04EC0-301F-11D3-BF4B-00C04F79EFBC}") = "ExampleWindowsService", "ExampleWindowsService\ExampleWindowsService.csproj", "{3A26F0C0-8C08-48A6-BF93-91E8FC332BFE}"
EndProject
Global
	GlobalSection(SolutionConfigurationPlatforms) = preSolution
		Debug|Any CPU = Debug|Any CPU
		Release|Any CPU = Release|Any CPU
	EndGlobalSection
	GlobalSection(ProjectConfigurationPlatforms) = postSolution
		{3A26F0C0-8C08-48A6-BF93-91E8FC332BFE}.Debug|Any CPU.ActiveCfg = Debug|Any CPU
		{3A26F0C0-8C08-48A6-BF93-91E8FC332BFE}.Debug|Any CPU.Build.0 = Debug|Any CPU
		{3A26F0C0-8C08-48A6-BF93-91E8FC332BFE}.Release|Any CPU.ActiveCfg = Release|Any CPU
		{3A26F0C0-8C08-48A6-BF93-91E8FC332BFE}.Release|Any CPU.Build.0 = Release|Any CPU
	EndGlobalSection
	GlobalSection(SolutionProperties) = preSolution
		HideSolutionNode = FALSE
	EndGlobalSection
	GlobalSection(ExtensibilityGlobals) = postSolution
		SolutionGuid = {7A9BF45C-80E2-4DA1-989E-90CDB55DFBF7}
	EndGlobalSection
EndGlobal
